// !$*UTF8*$!
{
	archiveVersion = 1;
	classes = {
	};
	objectVersion = 50;
	objects = {

/* Begin PBXBuildFile section */
		107024202608BA6900F781C4 /* AppDelegate.swift in Sources */ = {isa = PBXBuildFile; fileRef = 1070241F2608BA6900F781C4 /* AppDelegate.swift */; };
		107024222608BA6900F781C4 /* SceneDelegate.swift in Sources */ = {isa = PBXBuildFile; fileRef = 107024212608BA6900F781C4 /* SceneDelegate.swift */; };
		107024242608BA6900F781C4 /* ViewController.swift in Sources */ = {isa = PBXBuildFile; fileRef = 107024232608BA6900F781C4 /* ViewController.swift */; };
		107024272608BA6900F781C4 /* Main.storyboard in Resources */ = {isa = PBXBuildFile; fileRef = 107024252608BA6900F781C4 /* Main.storyboard */; };
		107024292608BA7000F781C4 /* Assets.xcassets in Resources */ = {isa = PBXBuildFile; fileRef = 107024282608BA7000F781C4 /* Assets.xcassets */; };
		1070242C2608BA7000F781C4 /* LaunchScreen.storyboard in Resources */ = {isa = PBXBuildFile; fileRef = 1070242A2608BA7000F781C4 /* LaunchScreen.storyboard */; };
		107024372608BA7000F781C4 /* task2Tests.swift in Sources */ = {isa = PBXBuildFile; fileRef = 107024362608BA7000F781C4 /* task2Tests.swift */; };
		107024422608BA7100F781C4 /* task2UITests.swift in Sources */ = {isa = PBXBuildFile; fileRef = 107024412608BA7100F781C4 /* task2UITests.swift */; };
/* End PBXBuildFile section */

/* Begin PBXContainerItemProxy section */
		107024332608BA7000F781C4 /* PBXContainerItemProxy */ = {
			isa = PBXContainerItemProxy;
			containerPortal = 107024142608BA6900F781C4 /* Project object */;
			proxyType = 1;
			remoteGlobalIDString = 1070241B2608BA6900F781C4;
			remoteInfo = task2;
		};
		1070243E2608BA7000F781C4 /* PBXContainerItemProxy */ = {
			isa = PBXContainerItemProxy;
			containerPortal = 107024142608BA6900F781C4 /* Project object */;
			proxyType = 1;
			remoteGlobalIDString = 1070241B2608BA6900F781C4;
			remoteInfo = task2;
		};
/* End PBXContainerItemProxy section */

/* Begin PBXFileReference section */
		1070241C2608BA6900F781C4 /* task2.app */ = {isa = PBXFileReference; explicitFileType = wrapper.application; includeInIndex = 0; path = task2.app; sourceTree = BUILT_PRODUCTS_DIR; };
		1070241F2608BA6900F781C4 /* AppDelegate.swift */ = {isa = PBXFileReference; lastKnownFileType = sourcecode.swift; path = AppDelegate.swift; sourceTree = "<group>"; };
		107024212608BA6900F781C4 /* SceneDelegate.swift */ = {isa = PBXFileReference; lastKnownFileType = sourcecode.swift; path = SceneDelegate.swift; sourceTree = "<group>"; };
		107024232608BA6900F781C4 /* ViewController.swift */ = {isa = PBXFileReference; lastKnownFileType = sourcecode.swift; path = ViewController.swift; sourceTree = "<group>"; };
		107024262608BA6900F781C4 /* Base */ = {isa = PBXFileReference; lastKnownFileType = file.storyboard; name = Base; path = Base.lproj/Main.storyboard; sourceTree = "<group>"; };
		107024282608BA7000F781C4 /* Assets.xcassets */ = {isa = PBXFileReference; lastKnownFileType = folder.assetcatalog; path = Assets.xcassets; sourceTree = "<group>"; };
		1070242B2608BA7000F781C4 /* Base */ = {isa = PBXFileReference; lastKnownFileType = file.storyboard; name = Base; path = Base.lproj/LaunchScreen.storyboard; sourceTree = "<group>"; };
		1070242D2608BA7000F781C4 /* Info.plist */ = {isa = PBXFileReference; lastKnownFileType = text.plist.xml; path = Info.plist; sourceTree = "<group>"; };
		107024322608BA7000F781C4 /* task2Tests.xctest */ = {isa = PBXFileReference; explicitFileType = wrapper.cfbundle; includeInIndex = 0; path = task2Tests.xctest; sourceTree = BUILT_PRODUCTS_DIR; };
		107024362608BA7000F781C4 /* task2Tests.swift */ = {isa = PBXFileReference; lastKnownFileType = sourcecode.swift; path = task2Tests.swift; sourceTree = "<group>"; };
		107024382608BA7000F781C4 /* Info.plist */ = {isa = PBXFileReference; lastKnownFileType = text.plist.xml; path = Info.plist; sourceTree = "<group>"; };
		1070243D2608BA7000F781C4 /* task2UITests.xctest */ = {isa = PBXFileReference; explicitFileType = wrapper.cfbundle; includeInIndex = 0; path = task2UITests.xctest; sourceTree = BUILT_PRODUCTS_DIR; };
		107024412608BA7100F781C4 /* task2UITests.swift */ = {isa = PBXFileReference; lastKnownFileType = sourcecode.swift; path = task2UITests.swift; sourceTree = "<group>"; };
		107024432608BA7100F781C4 /* Info.plist */ = {isa = PBXFileReference; lastKnownFileType = text.plist.xml; path = Info.plist; sourceTree = "<group>"; };
/* End PBXFileReference section */

/* Begin PBXFrameworksBuildPhase section */
		107024192608BA6900F781C4 /* Frameworks */ = {
			isa = PBXFrameworksBuildPhase;
			buildActionMask = 2147483647;
			files = (
			);
			runOnlyForDeploymentPostprocessing = 0;
		};
		1070242F2608BA7000F781C4 /* Frameworks */ = {
			isa = PBXFrameworksBuildPhase;
			buildActionMask = 2147483647;
			files = (
			);
			runOnlyForDeploymentPostprocessing = 0;
		};
		1070243A2608BA7000F781C4 /* Frameworks */ = {
			isa = PBXFrameworksBuildPhase;
			buildActionMask = 2147483647;
			files = (
			);
			runOnlyForDeploymentPostprocessing = 0;
		};
/* End PBXFrameworksBuildPhase section */

/* Begin PBXGroup section */
		107024132608BA6900F781C4 = {
			isa = PBXGroup;
			children = (
				1070241E2608BA6900F781C4 /* task2 */,
				107024352608BA7000F781C4 /* task2Tests */,
				107024402608BA7000F781C4 /* task2UITests */,
				1070241D2608BA6900F781C4 /* Products */,
			);
			sourceTree = "<group>";
		};
		1070241D2608BA6900F781C4 /* Products */ = {
			isa = PBXGroup;
			children = (
				1070241C2608BA6900F781C4 /* task2.app */,
				107024322608BA7000F781C4 /* task2Tests.xctest */,
				1070243D2608BA7000F781C4 /* task2UITests.xctest */,
			);
			name = Products;
			sourceTree = "<group>";
		};
		1070241E2608BA6900F781C4 /* task2 */ = {
			isa = PBXGroup;
			children = (
				1070241F2608BA6900F781C4 /* AppDelegate.swift */,
				107024212608BA6900F781C4 /* SceneDelegate.swift */,
				107024232608BA6900F781C4 /* ViewController.swift */,
				107024252608BA6900F781C4 /* Main.storyboard */,
				107024282608BA7000F781C4 /* Assets.xcassets */,
				1070242A2608BA7000F781C4 /* LaunchScreen.storyboard */,
				1070242D2608BA7000F781C4 /* Info.plist */,
			);
			path = task2;
			sourceTree = "<group>";
		};
		107024352608BA7000F781C4 /* task2Tests */ = {
			isa = PBXGroup;
			children = (
				107024362608BA7000F781C4 /* task2Tests.swift */,
				107024382608BA7000F781C4 /* Info.plist */,
			);
			path = task2Tests;
			sourceTree = "<group>";
		};
		107024402608BA7000F781C4 /* task2UITests */ = {
			isa = PBXGroup;
			children = (
				107024412608BA7100F781C4 /* task2UITests.swift */,
				107024432608BA7100F781C4 /* Info.plist */,
			);
			path = task2UITests;
			sourceTree = "<group>";
		};
/* End PBXGroup section */

/* Begin PBXNativeTarget section */
		1070241B2608BA6900F781C4 /* task2 */ = {
			isa = PBXNativeTarget;
			buildConfigurationList = 107024462608BA7100F781C4 /* Build configuration list for PBXNativeTarget "task2" */;
			buildPhases = (
				107024182608BA6900F781C4 /* Sources */,
				107024192608BA6900F781C4 /* Frameworks */,
				1070241A2608BA6900F781C4 /* Resources */,
			);
			buildRules = (
			);
			dependencies = (
			);
			name = task2;
			productName = task2;
			productReference = 1070241C2608BA6900F781C4 /* task2.app */;
			productType = "com.apple.product-type.application";
		};
		107024312608BA7000F781C4 /* task2Tests */ = {
			isa = PBXNativeTarget;
			buildConfigurationList = 107024492608BA7100F781C4 /* Build configuration list for PBXNativeTarget "task2Tests" */;
			buildPhases = (
				1070242E2608BA7000F781C4 /* Sources */,
				1070242F2608BA7000F781C4 /* Frameworks */,
				107024302608BA7000F781C4 /* Resources */,
			);
			buildRules = (
			);
			dependencies = (
				107024342608BA7000F781C4 /* PBXTargetDependency */,
			);
			name = task2Tests;
			productName = task2Tests;
			productReference = 107024322608BA7000F781C4 /* task2Tests.xctest */;
			productType = "com.apple.product-type.bundle.unit-test";
		};
		1070243C2608BA7000F781C4 /* task2UITests */ = {
			isa = PBXNativeTarget;
			buildConfigurationList = 1070244C2608BA7100F781C4 /* Build configuration list for PBXNativeTarget "task2UITests" */;
			buildPhases = (
				107024392608BA7000F781C4 /* Sources */,
				1070243A2608BA7000F781C4 /* Frameworks */,
				1070243B2608BA7000F781C4 /* Resources */,
			);
			buildRules = (
			);
			dependencies = (
				1070243F2608BA7000F781C4 /* PBXTargetDependency */,
			);
			name = task2UITests;
			productName = task2UITests;
			productReference = 1070243D2608BA7000F781C4 /* task2UITests.xctest */;
			productType = "com.apple.product-type.bundle.ui-testing";
		};
/* End PBXNativeTarget section */

/* Begin PBXProject section */
		107024142608BA6900F781C4 /* Project object */ = {
			isa = PBXProject;
			attributes = {
				LastSwiftUpdateCheck = 1240;
				LastUpgradeCheck = 1240;
				TargetAttributes = {
					1070241B2608BA6900F781C4 = {
						CreatedOnToolsVersion = 12.4;
					};
					107024312608BA7000F781C4 = {
						CreatedOnToolsVersion = 12.4;
						TestTargetID = 1070241B2608BA6900F781C4;
					};
					1070243C2608BA7000F781C4 = {
						CreatedOnToolsVersion = 12.4;
						TestTargetID = 1070241B2608BA6900F781C4;
					};
				};
			};
			buildConfigurationList = 107024172608BA6900F781C4 /* Build configuration list for PBXProject "task2" */;
			compatibilityVersion = "Xcode 9.3";
			developmentRegion = en;
			hasScannedForEncodings = 0;
			knownRegions = (
				en,
				Base,
			);
			mainGroup = 107024132608BA6900F781C4;
			productRefGroup = 1070241D2608BA6900F781C4 /* Products */;
			projectDirPath = "";
			projectRoot = "";
			targets = (
				1070241B2608BA6900F781C4 /* task2 */,
				107024312608BA7000F781C4 /* task2Tests */,
				1070243C2608BA7000F781C4 /* task2UITests */,
			);
		};
/* End PBXProject section */

/* Begin PBXResourcesBuildPhase section */
		1070241A2608BA6900F781C4 /* Resources */ = {
			isa = PBXResourcesBuildPhase;
			buildActionMask = 2147483647;
			files = (
				1070242C2608BA7000F781C4 /* LaunchScreen.storyboard in Resources */,
				107024292608BA7000F781C4 /* Assets.xcassets in Resources */,
				107024272608BA6900F781C4 /* Main.storyboard in Resources */,
			);
			runOnlyForDeploymentPostprocessing = 0;
		};
		107024302608BA7000F781C4 /* Resources */ = {
			isa = PBXResourcesBuildPhase;
			buildActionMask = 2147483647;
			files = (
			);
			runOnlyForDeploymentPostprocessing = 0;
		};
		1070243B2608BA7000F781C4 /* Resources */ = {
			isa = PBXResourcesBuildPhase;
			buildActionMask = 2147483647;
			files = (
			);
			runOnlyForDeploymentPostprocessing = 0;
		};
/* End PBXResourcesBuildPhase section */

/* Begin PBXSourcesBuildPhase section */
		107024182608BA6900F781C4 /* Sources */ = {
			isa = PBXSourcesBuildPhase;
			buildActionMask = 2147483647;
			files = (
				107024242608BA6900F781C4 /* ViewController.swift in Sources */,
				107024202608BA6900F781C4 /* AppDelegate.swift in Sources */,
				107024222608BA6900F781C4 /* SceneDelegate.swift in Sources */,
			);
			runOnlyForDeploymentPostprocessing = 0;
		};
		1070242E2608BA7000F781C4 /* Sources */ = {
			isa = PBXSourcesBuildPhase;
			buildActionMask = 2147483647;
			files = (
				107024372608BA7000F781C4 /* task2Tests.swift in Sources */,
			);
			runOnlyForDeploymentPostprocessing = 0;
		};
		107024392608BA7000F781C4 /* Sources */ = {
			isa = PBXSourcesBuildPhase;
			buildActionMask = 2147483647;
			files = (
				107024422608BA7100F781C4 /* task2UITests.swift in Sources */,
			);
			runOnlyForDeploymentPostprocessing = 0;
		};
/* End PBXSourcesBuildPhase section */

/* Begin PBXTargetDependency section */
		107024342608BA7000F781C4 /* PBXTargetDependency */ = {
			isa = PBXTargetDependency;
			target = 1070241B2608BA6900F781C4 /* task2 */;
			targetProxy = 107024332608BA7000F781C4 /* PBXContainerItemProxy */;
		};
		1070243F2608BA7000F781C4 /* PBXTargetDependency */ = {
			isa = PBXTargetDependency;
			target = 1070241B2608BA6900F781C4 /* task2 */;
			targetProxy = 1070243E2608BA7000F781C4 /* PBXContainerItemProxy */;
		};
/* End PBXTargetDependency section */

/* Begin PBXVariantGroup section */
		107024252608BA6900F781C4 /* Main.storyboard */ = {
			isa = PBXVariantGroup;
			children = (
				107024262608BA6900F781C4 /* Base */,
			);
			name = Main.storyboard;
			sourceTree = "<group>";
		};
		1070242A2608BA7000F781C4 /* LaunchScreen.storyboard */ = {
			isa = PBXVariantGroup;
			children = (
				1070242B2608BA7000F781C4 /* Base */,
			);
			name = LaunchScreen.storyboard;
			sourceTree = "<group>";
		};
/* End PBXVariantGroup section */

/* Begin XCBuildConfiguration section */
		107024442608BA7100F781C4 /* Debug */ = {
			isa = XCBuildConfiguration;
			buildSettings = {
				ALWAYS_SEARCH_USER_PATHS = NO;
				CLANG_ANALYZER_NONNULL = YES;
				CLANG_ANALYZER_NUMBER_OBJECT_CONVERSION = YES_AGGRESSIVE;
				CLANG_CXX_LANGUAGE_STANDARD = "gnu++14";
				CLANG_CXX_LIBRARY = "libc++";
				CLANG_ENABLE_MODULES = YES;
				CLANG_ENABLE_OBJC_ARC = YES;
				CLANG_ENABLE_OBJC_WEAK = YES;
				CLANG_WARN_BLOCK_CAPTURE_AUTORELEASING = YES;
				CLANG_WARN_BOOL_CONVERSION = YES;
				CLANG_WARN_COMMA = YES;
				CLANG_WARN_CONSTANT_CONVERSION = YES;
				CLANG_WARN_DEPRECATED_OBJC_IMPLEMENTATIONS = YES;
				CLANG_WARN_DIRECT_OBJC_ISA_USAGE = YES_ERROR;
				CLANG_WARN_DOCUMENTATION_COMMENTS = YES;
				CLANG_WARN_EMPTY_BODY = YES;
				CLANG_WARN_ENUM_CONVERSION = YES;
				CLANG_WARN_INFINITE_RECURSION = YES;
				CLANG_WARN_INT_CONVERSION = YES;
				CLANG_WARN_NON_LITERAL_NULL_CONVERSION = YES;
				CLANG_WARN_OBJC_IMPLICIT_RETAIN_SELF = YES;
				CLANG_WARN_OBJC_LITERAL_CONVERSION = YES;
				CLANG_WARN_OBJC_ROOT_CLASS = YES_ERROR;
				CLANG_WARN_QUOTED_INCLUDE_IN_FRAMEWORK_HEADER = YES;
				CLANG_WARN_RANGE_LOOP_ANALYSIS = YES;
				CLANG_WARN_STRICT_PROTOTYPES = YES;
				CLANG_WARN_SUSPICIOUS_MOVE = YES;
				CLANG_WARN_UNGUARDED_AVAILABILITY = YES_AGGRESSIVE;
				CLANG_WARN_UNREACHABLE_CODE = YES;
				CLANG_WARN__DUPLICATE_METHOD_MATCH = YES;
				COPY_PHASE_STRIP = NO;
				DEBUG_INFORMATION_FORMAT = dwarf;
				ENABLE_STRICT_OBJC_MSGSEND = YES;
				ENABLE_TESTABILITY = YES;
				GCC_C_LANGUAGE_STANDARD = gnu11;
				GCC_DYNAMIC_NO_PIC = NO;
				GCC_NO_COMMON_BLOCKS = YES;
				GCC_OPTIMIZATION_LEVEL = 0;
				GCC_PREPROCESSOR_DEFINITIONS = (
					"DEBUG=1",
					"$(inherited)",
				);
				GCC_WARN_64_TO_32_BIT_CONVERSION = YES;
				GCC_WARN_ABOUT_RETURN_TYPE = YES_ERROR;
				GCC_WARN_UNDECLARED_SELECTOR = YES;
				GCC_WARN_UNINITIALIZED_AUTOS = YES_AGGRESSIVE;
				GCC_WARN_UNUSED_FUNCTION = YES;
				GCC_WARN_UNUSED_VARIABLE = YES;
				IPHONEOS_DEPLOYMENT_TARGET = 14.4;
				MTL_ENABLE_DEBUG_INFO = INCLUDE_SOURCE;
				MTL_FAST_MATH = YES;
				ONLY_ACTIVE_ARCH = YES;
				SDKROOT = iphoneos;
				SWIFT_ACTIVE_COMPILATION_CONDITIONS = DEBUG;
				SWIFT_OPTIMIZATION_LEVEL = "-Onone";
			};
			name = Debug;
		};
		107024452608BA7100F781C4 /* Release */ = {
			isa = XCBuildConfiguration;
			buildSettings = {
				ALWAYS_SEARCH_USER_PATHS = NO;
				CLANG_ANALYZER_NONNULL = YES;
				CLANG_ANALYZER_NUMBER_OBJECT_CONVERSION = YES_AGGRESSIVE;
				CLANG_CXX_LANGUAGE_STANDARD = "gnu++14";
				CLANG_CXX_LIBRARY = "libc++";
				CLANG_ENABLE_MODULES = YES;
				CLANG_ENABLE_OBJC_ARC = YES;
				CLANG_ENABLE_OBJC_WEAK = YES;
				CLANG_WARN_BLOCK_CAPTURE_AUTORELEASING = YES;
				CLANG_WARN_BOOL_CONVERSION = YES;
				CLANG_WARN_COMMA = YES;
				CLANG_WARN_CONSTANT_CONVERSION = YES;
				CLANG_WARN_DEPRECATED_OBJC_IMPLEMENTATIONS = YES;
				CLANG_WARN_DIRECT_OBJC_ISA_USAGE = YES_ERROR;
				CLANG_WARN_DOCUMENTATION_COMMENTS = YES;
				CLANG_WARN_EMPTY_BODY = YES;
				CLANG_WARN_ENUM_CONVERSION = YES;
				CLANG_WARN_INFINITE_RECURSION = YES;
				CLANG_WARN_INT_CONVERSION = YES;
				CLANG_WARN_NON_LITERAL_NULL_CONVERSION = YES;
				CLANG_WARN_OBJC_IMPLICIT_RETAIN_SELF = YES;
				CLANG_WARN_OBJC_LITERAL_CONVERSION = YES;
				CLANG_WARN_OBJC_ROOT_CLASS = YES_ERROR;
				CLANG_WARN_QUOTED_INCLUDE_IN_FRAMEWORK_HEADER = YES;
				CLANG_WARN_RANGE_LOOP_ANALYSIS = YES;
				CLANG_WARN_STRICT_PROTOTYPES = YES;
				CLANG_WARN_SUSPICIOUS_MOVE = YES;
				CLANG_WARN_UNGUARDED_AVAILABILITY = YES_AGGRESSIVE;
				CLANG_WARN_UNREACHABLE_CODE = YES;
				CLANG_WARN__DUPLICATE_METHOD_MATCH = YES;
				COPY_PHASE_STRIP = NO;
				DEBUG_INFORMATION_FORMAT = "dwarf-with-dsym";
				ENABLE_NS_ASSERTIONS = NO;
				ENABLE_STRICT_OBJC_MSGSEND = YES;
				GCC_C_LANGUAGE_STANDARD = gnu11;
				GCC_NO_COMMON_BLOCKS = YES;
				GCC_WARN_64_TO_32_BIT_CONVERSION = YES;
				GCC_WARN_ABOUT_RETURN_TYPE = YES_ERROR;
				GCC_WARN_UNDECLARED_SELECTOR = YES;
				GCC_WARN_UNINITIALIZED_AUTOS = YES_AGGRESSIVE;
				GCC_WARN_UNUSED_FUNCTION = YES;
				GCC_WARN_UNUSED_VARIABLE = YES;
				IPHONEOS_DEPLOYMENT_TARGET = 14.4;
				MTL_ENABLE_DEBUG_INFO = NO;
				MTL_FAST_MATH = YES;
				SDKROOT = iphoneos;
				SWIFT_COMPILATION_MODE = wholemodule;
				SWIFT_OPTIMIZATION_LEVEL = "-O";
				VALIDATE_PRODUCT = YES;
			};
			name = Release;
		};
		107024472608BA7100F781C4 /* Debug */ = {
			isa = XCBuildConfiguration;
			buildSettings = {
				ASSETCATALOG_COMPILER_APPICON_NAME = AppIcon;
				ASSETCATALOG_COMPILER_GLOBAL_ACCENT_COLOR_NAME = AccentColor;
				CODE_SIGN_STYLE = Automatic;
				INFOPLIST_FILE = task2/Info.plist;
				LD_RUNPATH_SEARCH_PATHS = (
					"$(inherited)",
					"@executable_path/Frameworks",
				);
				PRODUCT_BUNDLE_IDENTIFIER = Muna.task2;
				PRODUCT_NAME = "$(TARGET_NAME)";
				SWIFT_VERSION = 5.0;
				TARGETED_DEVICE_FAMILY = "1,2";
			};
			name = Debug;
		};
		107024482608BA7100F781C4 /* Release */ = {
			isa = XCBuildConfiguration;
			buildSettings = {
				ASSETCATALOG_COMPILER_APPICON_NAME = AppIcon;
				ASSETCATALOG_COMPILER_GLOBAL_ACCENT_COLOR_NAME = AccentColor;
				CODE_SIGN_STYLE = Automatic;
				INFOPLIST_FILE = task2/Info.plist;
				LD_RUNPATH_SEARCH_PATHS = (
					"$(inherited)",
					"@executable_path/Frameworks",
				);
				PRODUCT_BUNDLE_IDENTIFIER = Muna.task2;
				PRODUCT_NAME = "$(TARGET_NAME)";
				SWIFT_VERSION = 5.0;
				TARGETED_DEVICE_FAMILY = "1,2";
			};
			name = Release;
		};
		1070244A2608BA7100F781C4 /* Debug */ = {
			isa = XCBuildConfiguration;
			buildSettings = {
				ALWAYS_EMBED_SWIFT_STANDARD_LIBRARIES = YES;
				BUNDLE_LOADER = "$(TEST_HOST)";
				CODE_SIGN_STYLE = Automatic;
				INFOPLIST_FILE = task2Tests/Info.plist;
				IPHONEOS_DEPLOYMENT_TARGET = 14.4;
				LD_RUNPATH_SEARCH_PATHS = (
					"$(inherited)",
					"@executable_path/Frameworks",
					"@loader_path/Frameworks",
				);
				PRODUCT_BUNDLE_IDENTIFIER = Muna.task2Tests;
				PRODUCT_NAME = "$(TARGET_NAME)";
				SWIFT_VERSION = 5.0;
				TARGETED_DEVICE_FAMILY = "1,2";
				TEST_HOST = "$(BUILT_PRODUCTS_DIR)/task2.app/task2";
			};
			name = Debug;
		};
		1070244B2608BA7100F781C4 /* Release */ = {
			isa = XCBuildConfiguration;
			buildSettings = {
				ALWAYS_EMBED_SWIFT_STANDARD_LIBRARIES = YES;
				BUNDLE_LOADER = "$(TEST_HOST)";
				CODE_SIGN_STYLE = Automatic;
				INFOPLIST_FILE = task2Tests/Info.plist;
				IPHONEOS_DEPLOYMENT_TARGET = 14.4;
				LD_RUNPATH_SEARCH_PATHS = (
					"$(inherited)",
					"@executable_path/Frameworks",
					"@loader_path/Frameworks",
				);
				PRODUCT_BUNDLE_IDENTIFIER = Muna.task2Tests;
				PRODUCT_NAME = "$(TARGET_NAME)";
				SWIFT_VERSION = 5.0;
				TARGETED_DEVICE_FAMILY = "1,2";
				TEST_HOST = "$(BUILT_PRODUCTS_DIR)/task2.app/task2";
			};
			name = Release;
		};
		1070244D2608BA7100F781C4 /* Debug */ = {
			isa = XCBuildConfiguration;
			buildSettings = {
				ALWAYS_EMBED_SWIFT_STANDARD_LIBRARIES = YES;
				CODE_SIGN_STYLE = Automatic;
				INFOPLIST_FILE = task2UITests/Info.plist;
				LD_RUNPATH_SEARCH_PATHS = (
					"$(inherited)",
					"@executable_path/Frameworks",
					"@loader_path/Frameworks",
				);
				PRODUCT_BUNDLE_IDENTIFIER = Muna.task2UITests;
				PRODUCT_NAME = "$(TARGET_NAME)";
				SWIFT_VERSION = 5.0;
				TARGETED_DEVICE_FAMILY = "1,2";
				TEST_TARGET_NAME = task2;
			};
			name = Debug;
		};
		1070244E2608BA7100F781C4 /* Release */ = {
			isa = XCBuildConfiguration;
			buildSettings = {
				ALWAYS_EMBED_SWIFT_STANDARD_LIBRARIES = YES;
				CODE_SIGN_STYLE = Automatic;
				INFOPLIST_FILE = task2UITests/Info.plist;
				LD_RUNPATH_SEARCH_PATHS = (
					"$(inherited)",
					"@executable_path/Frameworks",
					"@loader_path/Frameworks",
				);
				PRODUCT_BUNDLE_IDENTIFIER = Muna.task2UITests;
				PRODUCT_NAME = "$(TARGET_NAME)";
				SWIFT_VERSION = 5.0;
				TARGETED_DEVICE_FAMILY = "1,2";
				TEST_TARGET_NAME = task2;
			};
			name = Release;
		};
/* End XCBuildConfiguration section */

/* Begin XCConfigurationList section */
		107024172608BA6900F781C4 /* Build configuration list for PBXProject "task2" */ = {
			isa = XCConfigurationList;
			buildConfigurations = (
				107024442608BA7100F781C4 /* Debug */,
				107024452608BA7100F781C4 /* Release */,
			);
			defaultConfigurationIsVisible = 0;
			defaultConfigurationName = Release;
		};
		107024462608BA7100F781C4 /* Build configuration list for PBXNativeTarget "task2" */ = {
			isa = XCConfigurationList;
			buildConfigurations = (
				107024472608BA7100F781C4 /* Debug */,
				107024482608BA7100F781C4 /* Release */,
			);
			defaultConfigurationIsVisible = 0;
			defaultConfigurationName = Release;
		};
		107024492608BA7100F781C4 /* Build configuration list for PBXNativeTarget "task2Tests" */ = {
			isa = XCConfigurationList;
			buildConfigurations = (
				1070244A2608BA7100F781C4 /* Debug */,
				1070244B2608BA7100F781C4 /* Release */,
			);
			defaultConfigurationIsVisible = 0;
			defaultConfigurationName = Release;
		};
		1070244C2608BA7100F781C4 /* Build configuration list for PBXNativeTarget "task2UITests" */ = {
			isa = XCConfigurationList;
			buildConfigurations = (
				1070244D2608BA7100F781C4 /* Debug */,
				1070244E2608BA7100F781C4 /* Release */,
			);
			defaultConfigurationIsVisible = 0;
			defaultConfigurationName = Release;
		};
/* End XCConfigurationList section */
	};
	rootObject = 107024142608BA6900F781C4 /* Project object */;
}
